{
  "nodes": {
    "brew-src": {
      "flake": false,
      "locked": {
        "lastModified": 1786945682,
        "narHash": "sha256-VBESSoJccikdhxh3vp3SQeG7cZXTOulMvVkoSqNDEhs=",
        "owner": "Homebrew",
        "repo": "brew",
        "rev": "5b90e281d4e0c8fbd6ca4d8358276fb305b8d0bd",
        "type": "github"
      },
      "original": {
        "owner": "Homebrew",
        "ref": "6.0.18",
        "repo": "brew",
        "type": "github"
      }
    },
    "homebrew-cask": {
      "flake": false,
      "locked": {
        "lastModified": 1787505945,
        "narHash": "sha256-QQyDUXcJ33pWQsyaGGCptwpmzBYtg4JGs1g8eBgl99k=",
        "owner": "homebrew",
        "repo": "homebrew-cask",
        "rev": "883c4c1c4c72bd9d6dfa367bd63261aa21197372",
        "type": "github"
      },
      "original": {
        "owner": "homebrew",
        "repo": "homebrew-cask",
        "rev": "883c4c1c4c72bd9d6dfa367bd63261aa21197372",
        "type": "github"
      }
    },
    "homebrew-cmux": {
      "flake": false,
      "locked": {
        "lastModified": 1779541438,
        "narHash": "sha256-K4P8eb9KIx5LvizFYGfhoWK1GXVpeivfEnuyt//Q7XU=",
        "owner": "manaflow-ai",
        "repo": "homebrew-cmux",
        "rev": "9ec27943e10baa0e2594fd971412be436f1fafb2",
        "type": "github"
      },
      "original": {
        "owner": "manaflow-ai",
        "repo": "homebrew-cmux",
        "type": "github"
      }
    },
    "homebrew-core": {
      "flake": false,
      "locked": {
        "lastModified": 1787506282,
        "narHash": "sha256-Wpw4cwSkegKQiMoQ44+Xlja5B12XcsyviGYVHsi/u44=",
        "owner": "homebrew",
        "repo": "homebrew-core",
        "rev": "c53ae0baea593d836ea7787154413f36607b8f82",
        "type": "github"
      },
      "original": {
        "owner": "homebrew",
        "repo": "homebrew-core",
        "rev": "c53ae0baea593d836ea7787154413f36607b8f82",
        "type": "github"
      }
    },
    "homebrew-felixkratz-formulae": {
      "flake": false,
      "locked": {
        "lastModified": 1778761682,
        "narHash": "sha256-7yF1zmBtNk5oWdI+4SMbhAa6ZlxvW9jZoCMPUFt9ytU=",
        "owner": "FelixKratz",
        "repo": "homebrew-formulae",
        "rev": "c53e16d323fd427b3d348470dc99dc0bf0477514",
        "type": "github"
      },
      "original": {
        "owner": "FelixKratz",
        "repo": "homebrew-formulae",
        "type": "github"
      }
    },
    "homebrew-nikitabobko-tap": {
      "flake": false,
      "locked": {
        "lastModified": 1784218089,
        "narHash": "sha256-2FfJuPb9CaXPOU71NWPjoiENUoGQepSr/IkKQMLkFaQ=",
        "owner": "nikitabobko",
        "repo": "homebrew-tap",
        "rev": "13b49a6711cc9d2f4555056b4f7023c8ad2bbb4b",
        "type": "github"
      },
      "original": {
        "owner": "nikitabobko",
        "repo": "homebrew-tap",
        "type": "github"
      }
    },
    "nix-darwin": {
      "inputs": {
        "nixpkgs": [
          "nixpkgs"
        ]
      },
      "locked": {
        "lastModified": 1779036909,
        "narHash": "sha256-zXcwYQGCT6pzinK+1dBB2ekTVtfxGZAapb3Evdcu4fY=",
        "owner": "nix-darwin",
        "repo": "nix-darwin",
        "rev": "56c666e108467d87d13508936aade6d567f2a501",
        "type": "github"
      },
      "original": {
        "owner": "nix-darwin",
        "ref": "master",
        "repo": "nix-darwin",
        "type": "github"
      }
    },
    "nix-homebrew": {
      "inputs": {
        "brew-src": "brew-src"
      },
      "locked": {
        "lastModified": 1787330919,
        "narHash": "sha256-LslMncqN7uOOH5S88WZtO/EVt2HwD8ltUnfyANk+mC0=",
        "owner": "zhaofengli",
        "repo": "nix-homebrew",
        "rev": "b00218e4aec0e5bf07d61a0bb13f842faa582d7b",
        "type": "github"
      },
      "original": {
        "owner": "zhaofengli",
        "repo": "nix-homebrew",
        "rev": "b00218e4aec0e5bf07d61a0bb13f842faa582d7b",
        "type": "github"
      }
    },
    "nixpkgs": {
      "locked": {
        "lastModified": 1779877693,
        "narHash": "sha256-NOF9NAREhxr50bbBfVcVOq+ArCMSoe8dP79Pk2uyARk=",
        "owner": "NixOS",
        "repo": "nixpkgs",
        "rev": "4100e830e085863741bc69b156ec4ccd53ab5be0",
        "type": "github"
      },
      "original": {
        "owner": "NixOS",
        "ref": "nixpkgs-unstable",
        "repo": "nixpkgs",
        "type": "github"
      }
    },
    "root": {
      "inputs": {
        "homebrew-cask": "homebrew-cask",
        "homebrew-cmux": "homebrew-cmux",
        "homebrew-core": "homebrew-core",
        "homebrew-felixkratz-formulae": "homebrew-felixkratz-formulae",
        "homebrew-nikitabobko-tap": "homebrew-nikitabobko-tap",
        "nix-darwin": "nix-darwin",
        "nix-homebrew": "nix-homebrew",
        "nixpkgs": "nixpkgs"
      }
    }
  },
  "root": "root",
  "version": 7
}
